// !$*UTF8*$!
{
	archiveVersion = 1;
	classes = {
	};
	objectVersion = 50;
	objects = {

/* Begin PBXBuildFile section */
		82D1524221095A510099CC6D /* AppDelegate.swift in Sources */ = {isa = PBXBuildFile; fileRef = 82D1524121095A510099CC6D /* AppDelegate.swift */; };
		82D1524421095A510099CC6D /* ViewController.swift in Sources */ = {isa = PBXBuildFile; fileRef = 82D1524321095A510099CC6D /* ViewController.swift */; };
		82D1524721095A510099CC6D /* Main.storyboard in Resources */ = {isa = PBXBuildFile; fileRef = 82D1524521095A510099CC6D /* Main.storyboard */; };
		82D1524921095A520099CC6D /* Assets.xcassets in Resources */ = {isa = PBXBuildFile; fileRef = 82D1524821095A520099CC6D /* Assets.xcassets */; };
		82D1524C21095A520099CC6D /* LaunchScreen.storyboard in Resources */ = {isa = PBXBuildFile; fileRef = 82D1524A21095A520099CC6D /* LaunchScreen.storyboard */; };
		82D1525721095A520099CC6D /* MinesweeperTests.swift in Sources */ = {isa = PBXBuildFile; fileRef = 82D1525621095A520099CC6D /* MinesweeperTests.swift */; };
		82D1526221095A520099CC6D /* MinesweeperUITests.swift in Sources */ = {isa = PBXBuildFile; fileRef = 82D1526121095A520099CC6D /* MinesweeperUITests.swift */; };
		82D1527021095AD00099CC6D /* Panel.swift in Sources */ = {isa = PBXBuildFile; fileRef = 82D1526F21095AD00099CC6D /* Panel.swift */; };
		82D1527221095C1C0099CC6D /* PanelController.swift in Sources */ = {isa = PBXBuildFile; fileRef = 82D1527121095C1C0099CC6D /* PanelController.swift */; };
/* End PBXBuildFile section */

/* Begin PBXContainerItemProxy section */
		82D1525321095A520099CC6D /* PBXContainerItemProxy */ = {
			isa = PBXContainerItemProxy;
			containerPortal = 82D1523621095A510099CC6D /* Project object */;
			proxyType = 1;
			remoteGlobalIDString = 82D1523D21095A510099CC6D;
			remoteInfo = Minesweeper;
		};
		82D1525E21095A520099CC6D /* PBXContainerItemProxy */ = {
			isa = PBXContainerItemProxy;
			containerPortal = 82D1523621095A510099CC6D /* Project object */;
			proxyType = 1;
			remoteGlobalIDString = 82D1523D21095A510099CC6D;
			remoteInfo = Minesweeper;
		};
/* End PBXContainerItemProxy section */

/* Begin PBXFileReference section */
		82D1523E21095A510099CC6D /* Minesweeper.app */ = {isa = PBXFileReference; explicitFileType = wrapper.application; includeInIndex = 0; path = Minesweeper.app; sourceTree = BUILT_PRODUCTS_DIR; };
		82D1524121095A510099CC6D /* AppDelegate.swift */ = {isa = PBXFileReference; lastKnownFileType = sourcecode.swift; path = AppDelegate.swift; sourceTree = "<group>"; };
		82D1524321095A510099CC6D /* ViewController.swift */ = {isa = PBXFileReference; lastKnownFileType = sourcecode.swift; path = ViewController.swift; sourceTree = "<group>"; };
		82D1524621095A510099CC6D /* Base */ = {isa = PBXFileReference; lastKnownFileType = file.storyboard; name = Base; path = Base.lproj/Main.storyboard; sourceTree = "<group>"; };
		82D1524821095A520099CC6D /* Assets.xcassets */ = {isa = PBXFileReference; lastKnownFileType = folder.assetcatalog; path = Assets.xcassets; sourceTree = "<group>"; };
		82D1524B21095A520099CC6D /* Base */ = {isa = PBXFileReference; lastKnownFileType = file.storyboard; name = Base; path = Base.lproj/LaunchScreen.storyboard; sourceTree = "<group>"; };
		82D1524D21095A520099CC6D /* Info.plist */ = {isa = PBXFileReference; lastKnownFileType = text.plist.xml; path = Info.plist; sourceTree = "<group>"; };
		82D1525221095A520099CC6D /* MinesweeperTests.xctest */ = {isa = PBXFileReference; explicitFileType = wrapper.cfbundle; includeInIndex = 0; path = MinesweeperTests.xctest; sourceTree = BUILT_PRODUCTS_DIR; };
		82D1525621095A520099CC6D /* MinesweeperTests.swift */ = {isa = PBXFileReference; lastKnownFileType = sourcecode.swift; path = MinesweeperTests.swift; sourceTree = "<group>"; };
		82D1525821095A520099CC6D /* Info.plist */ = {isa = PBXFileReference; lastKnownFileType = text.plist.xml; path = Info.plist; sourceTree = "<group>"; };
		82D1525D21095A520099CC6D /* MinesweeperUITests.xctest */ = {isa = PBXFileReference; explicitFileType = wrapper.cfbundle; includeInIndex = 0; path = MinesweeperUITests.xctest; sourceTree = BUILT_PRODUCTS_DIR; };
		82D1526121095A520099CC6D /* MinesweeperUITests.swift */ = {isa = PBXFileReference; lastKnownFileType = sourcecode.swift; path = MinesweeperUITests.swift; sourceTree = "<group>"; };
		82D1526321095A530099CC6D /* Info.plist */ = {isa = PBXFileReference; lastKnownFileType = text.plist.xml; path = Info.plist; sourceTree = "<group>"; };
		82D1526F21095AD00099CC6D /* Panel.swift */ = {isa = PBXFileReference; lastKnownFileType = sourcecode.swift; path = Panel.swift; sourceTree = "<group>"; };
		82D1527121095C1C0099CC6D /* PanelController.swift */ = {isa = PBXFileReference; lastKnownFileType = sourcecode.swift; path = PanelController.swift; sourceTree = "<group>"; };
/* End PBXFileReference section */

/* Begin PBXFrameworksBuildPhase section */
		82D1523B21095A510099CC6D /* Frameworks */ = {
			isa = PBXFrameworksBuildPhase;
			buildActionMask = 2147483647;
			files = (
			);
			runOnlyForDeploymentPostprocessing = 0;
		};
		82D1524F21095A520099CC6D /* Frameworks */ = {
			isa = PBXFrameworksBuildPhase;
			buildActionMask = 2147483647;
			files = (
			);
			runOnlyForDeploymentPostprocessing = 0;
		};
		82D1525A21095A520099CC6D /* Frameworks */ = {
			isa = PBXFrameworksBuildPhase;
			buildActionMask = 2147483647;
			files = (
			);
			runOnlyForDeploymentPostprocessing = 0;
		};
/* End PBXFrameworksBuildPhase section */

/* Begin PBXGroup section */
		82D1523521095A510099CC6D = {
			isa = PBXGroup;
			children = (
				82D1524021095A510099CC6D /* Minesweeper */,
				82D1525521095A520099CC6D /* MinesweeperTests */,
				82D1526021095A520099CC6D /* MinesweeperUITests */,
				82D1523F21095A510099CC6D /* Products */,
			);
			sourceTree = "<group>";
		};
		82D1523F21095A510099CC6D /* Products */ = {
			isa = PBXGroup;
			children = (
				82D1523E21095A510099CC6D /* Minesweeper.app */,
				82D1525221095A520099CC6D /* MinesweeperTests.xctest */,
				82D1525D21095A520099CC6D /* MinesweeperUITests.xctest */,
			);
			name = Products;
			sourceTree = "<group>";
		};
		82D1524021095A510099CC6D /* Minesweeper */ = {
			isa = PBXGroup;
			children = (
				82D1524121095A510099CC6D /* AppDelegate.swift */,
				82D1524321095A510099CC6D /* ViewController.swift */,
				82D1527121095C1C0099CC6D /* PanelController.swift */,
				82D1526F21095AD00099CC6D /* Panel.swift */,
				82D1524521095A510099CC6D /* Main.storyboard */,
				82D1524821095A520099CC6D /* Assets.xcassets */,
				82D1524A21095A520099CC6D /* LaunchScreen.storyboard */,
				82D1524D21095A520099CC6D /* Info.plist */,
			);
			path = Minesweeper;
			sourceTree = "<group>";
		};
		82D1525521095A520099CC6D /* MinesweeperTests */ = {
			isa = PBXGroup;
			children = (
				82D1525621095A520099CC6D /* MinesweeperTests.swift */,
				82D1525821095A520099CC6D /* Info.plist */,
			);
			path = MinesweeperTests;
			sourceTree = "<group>";
		};
		82D1526021095A520099CC6D /* MinesweeperUITests */ = {
			isa = PBXGroup;
			children = (
				82D1526121095A520099CC6D /* MinesweeperUITests.swift */,
				82D1526321095A530099CC6D /* Info.plist */,
			);
			path = MinesweeperUITests;
			sourceTree = "<group>";
		};
/* End PBXGroup section */

/* Begin PBXNativeTarget section */
		82D1523D21095A510099CC6D /* Minesweeper */ = {
			isa = PBXNativeTarget;
			buildConfigurationList = 82D1526621095A530099CC6D /* Build configuration list for PBXNativeTarget "Minesweeper" */;
			buildPhases = (
				82D1523A21095A510099CC6D /* Sources */,
				82D1523B21095A510099CC6D /* Frameworks */,
				82D1523C21095A510099CC6D /* Resources */,
			);
			buildRules = (
			);
			dependencies = (
			);
			name = Minesweeper;
			productName = Minesweeper;
			productReference = 82D1523E21095A510099CC6D /* Minesweeper.app */;
			productType = "com.apple.product-type.application";
		};
		82D1525121095A520099CC6D /* MinesweeperTests */ = {
			isa = PBXNativeTarget;
			buildConfigurationList = 82D1526921095A530099CC6D /* Build configuration list for PBXNativeTarget "MinesweeperTests" */;
			buildPhases = (
				82D1524E21095A520099CC6D /* Sources */,
				82D1524F21095A520099CC6D /* Frameworks */,
				82D1525021095A520099CC6D /* Resources */,
			);
			buildRules = (
			);
			dependencies = (
				82D1525421095A520099CC6D /* PBXTargetDependency */,
			);
			name = MinesweeperTests;
			productName = MinesweeperTests;
			productReference = 82D1525221095A520099CC6D /* MinesweeperTests.xctest */;
			productType = "com.apple.product-type.bundle.unit-test";
		};
		82D1525C21095A520099CC6D /* MinesweeperUITests */ = {
			isa = PBXNativeTarget;
			buildConfigurationList = 82D1526C21095A530099CC6D /* Build configuration list for PBXNativeTarget "MinesweeperUITests" */;
			buildPhases = (
				82D1525921095A520099CC6D /* Sources */,
				82D1525A21095A520099CC6D /* Frameworks */,
				82D1525B21095A520099CC6D /* Resources */,
			);
			buildRules = (
			);
			dependencies = (
				82D1525F21095A520099CC6D /* PBXTargetDependency */,
			);
			name = MinesweeperUITests;
			productName = MinesweeperUITests;
			productReference = 82D1525D21095A520099CC6D /* MinesweeperUITests.xctest */;
			productType = "com.apple.product-type.bundle.ui-testing";
		};
/* End PBXNativeTarget section */

/* Begin PBXProject section */
		82D1523621095A510099CC6D /* Project object */ = {
			isa = PBXProject;
			attributes = {
				LastSwiftUpdateCheck = 1000;
				LastUpgradeCheck = 1000;
				ORGANIZATIONNAME = wmoodn;
				TargetAttributes = {
					82D1523D21095A510099CC6D = {
						CreatedOnToolsVersion = 10.0;
					};
					82D1525121095A520099CC6D = {
						CreatedOnToolsVersion = 10.0;
						TestTargetID = 82D1523D21095A510099CC6D;
					};
					82D1525C21095A520099CC6D = {
						CreatedOnToolsVersion = 10.0;
						TestTargetID = 82D1523D21095A510099CC6D;
					};
				};
			};
			buildConfigurationList = 82D1523921095A510099CC6D /* Build configuration list for PBXProject "Minesweeper" */;
			compatibilityVersion = "Xcode 9.3";
			developmentRegion = en;
			hasScannedForEncodings = 0;
			knownRegions = (
				en,
				Base,
			);
			mainGroup = 82D1523521095A510099CC6D;
			productRefGroup = 82D1523F21095A510099CC6D /* Products */;
			projectDirPath = "";
			projectRoot = "";
			targets = (
				82D1523D21095A510099CC6D /* Minesweeper */,
				82D1525121095A520099CC6D /* MinesweeperTests */,
				82D1525C21095A520099CC6D /* MinesweeperUITests */,
			);
		};
/* End PBXProject section */

/* Begin PBXResourcesBuildPhase section */
		82D1523C21095A510099CC6D /* Resources */ = {
			isa = PBXResourcesBuildPhase;
			buildActionMask = 2147483647;
			files = (
				82D1524C21095A520099CC6D /* LaunchScreen.storyboard in Resources */,
				82D1524921095A520099CC6D /* Assets.xcassets in Resources */,
				82D1524721095A510099CC6D /* Main.storyboard in Resources */,
			);
			runOnlyForDeploymentPostprocessing = 0;
		};
		82D1525021095A520099CC6D /* Resources */ = {
			isa = PBXResourcesBuildPhase;
			buildActionMask = 2147483647;
			files = (
			);
			runOnlyForDeploymentPostprocessing = 0;
		};
		82D1525B21095A520099CC6D /* Resources */ = {
			isa = PBXResourcesBuildPhase;
			buildActionMask = 2147483647;
			files = (
			);
			runOnlyForDeploymentPostprocessing = 0;
		};
/* End PBXResourcesBuildPhase section */

/* Begin PBXSourcesBuildPhase section */
		82D1523A21095A510099CC6D /* Sources */ = {
			isa = PBXSourcesBuildPhase;
			buildActionMask = 2147483647;
			files = (
				82D1527221095C1C0099CC6D /* PanelController.swift in Sources */,
				82D1524421095A510099CC6D /* ViewController.swift in Sources */,
				82D1524221095A510099CC6D /* AppDelegate.swift in Sources */,
				82D1527021095AD00099CC6D /* Panel.swift in Sources */,
			);
			runOnlyForDeploymentPostprocessing = 0;
		};
		82D1524E21095A520099CC6D /* Sources */ = {
			isa = PBXSourcesBuildPhase;
			buildActionMask = 2147483647;
			files = (
				82D1525721095A520099CC6D /* MinesweeperTests.swift in Sources */,
			);
			runOnlyForDeploymentPostprocessing = 0;
		};
		82D1525921095A520099CC6D /* Sources */ = {
			isa = PBXSourcesBuildPhase;
			buildActionMask = 2147483647;
			files = (
				82D1526221095A520099CC6D /* MinesweeperUITests.swift in Sources */,
			);
			runOnlyForDeploymentPostprocessing = 0;
		};
/* End PBXSourcesBuildPhase section */

/* Begin PBXTargetDependency section */
		82D1525421095A520099CC6D /* PBXTargetDependency */ = {
			isa = PBXTargetDependency;
			target = 82D1523D21095A510099CC6D /* Minesweeper */;
			targetProxy = 82D1525321095A520099CC6D /* PBXContainerItemProxy */;
		};
		82D1525F21095A520099CC6D /* PBXTargetDependency */ = {
			isa = PBXTargetDependency;
			target = 82D1523D21095A510099CC6D /* Minesweeper */;
			targetProxy = 82D1525E21095A520099CC6D /* PBXContainerItemProxy */;
		};
/* End PBXTargetDependency section */

/* Begin PBXVariantGroup section */
		82D1524521095A510099CC6D /* Main.storyboard */ = {
			isa = PBXVariantGroup;
			children = (
				82D1524621095A510099CC6D /* Base */,
			);
			name = Main.storyboard;
			sourceTree = "<group>";
		};
		82D1524A21095A520099CC6D /* LaunchScreen.storyboard */ = {
			isa = PBXVariantGroup;
			children = (
				82D1524B21095A520099CC6D /* Base */,
			);
			name = LaunchScreen.storyboard;
			sourceTree = "<group>";
		};
/* End PBXVariantGroup section */

/* Begin XCBuildConfiguration section */
		82D1526421095A530099CC6D /* Debug */ = {
			isa = XCBuildConfiguration;
			buildSettings = {
				ALWAYS_SEARCH_USER_PATHS = NO;
				CLANG_ANALYZER_NONNULL = YES;
				CLANG_ANALYZER_NUMBER_OBJECT_CONVERSION = YES_AGGRESSIVE;
				CLANG_CXX_LANGUAGE_STANDARD = "gnu++14";
				CLANG_CXX_LIBRARY = "libc++";
				CLANG_ENABLE_MODULES = YES;
				CLANG_ENABLE_OBJC_ARC = YES;
				CLANG_ENABLE_OBJC_WEAK = YES;
				CLANG_WARN_BLOCK_CAPTURE_AUTORELEASING = YES;
				CLANG_WARN_BOOL_CONVERSION = YES;
				CLANG_WARN_COMMA = YES;
				CLANG_WARN_CONSTANT_CONVERSION = YES;
				CLANG_WARN_DEPRECATED_OBJC_IMPLEMENTATIONS = YES;
				CLANG_WARN_DIRECT_OBJC_ISA_USAGE = YES_ERROR;
				CLANG_WARN_DOCUMENTATION_COMMENTS = YES;
				CLANG_WARN_EMPTY_BODY = YES;
				CLANG_WARN_ENUM_CONVERSION = YES;
				CLANG_WARN_INFINITE_RECURSION = YES;
				CLANG_WARN_INT_CONVERSION = YES;
				CLANG_WARN_NON_LITERAL_NULL_CONVERSION = YES;
				CLANG_WARN_OBJC_IMPLICIT_RETAIN_SELF = YES;
				CLANG_WARN_OBJC_LITERAL_CONVERSION = YES;
				CLANG_WARN_OBJC_ROOT_CLASS = YES_ERROR;
				CLANG_WARN_RANGE_LOOP_ANALYSIS = YES;
				CLANG_WARN_STRICT_PROTOTYPES = YES;
				CLANG_WARN_SUSPICIOUS_MOVE = YES;
				CLANG_WARN_UNGUARDED_AVAILABILITY = YES_AGGRESSIVE;
				CLANG_WARN_UNREACHABLE_CODE = YES;
				CLANG_WARN__DUPLICATE_METHOD_MATCH = YES;
				CODE_SIGN_IDENTITY = "iPhone Developer";
				COPY_PHASE_STRIP = NO;
				DEBUG_INFORMATION_FORMAT = dwarf;
				ENABLE_STRICT_OBJC_MSGSEND = YES;
				ENABLE_TESTABILITY = YES;
				GCC_C_LANGUAGE_STANDARD = gnu11;
				GCC_DYNAMIC_NO_PIC = NO;
				GCC_NO_COMMON_BLOCKS = YES;
				GCC_OPTIMIZATION_LEVEL = 0;
				GCC_PREPROCESSOR_DEFINITIONS = (
					"DEBUG=1",
					"$(inherited)",
				);
				GCC_WARN_64_TO_32_BIT_CONVERSION = YES;
				GCC_WARN_ABOUT_RETURN_TYPE = YES_ERROR;
				GCC_WARN_UNDECLARED_SELECTOR = YES;
				GCC_WARN_UNINITIALIZED_AUTOS = YES_AGGRESSIVE;
				GCC_WARN_UNUSED_FUNCTION = YES;
				GCC_WARN_UNUSED_VARIABLE = YES;
				IPHONEOS_DEPLOYMENT_TARGET = 12.0;
				MTL_ENABLE_DEBUG_INFO = INCLUDE_SOURCE;
				MTL_FAST_MATH = YES;
				ONLY_ACTIVE_ARCH = YES;
				SDKROOT = iphoneos;
				SWIFT_ACTIVE_COMPILATION_CONDITIONS = DEBUG;
				SWIFT_OPTIMIZATION_LEVEL = "-Onone";
			};
			name = Debug;
		};
		82D1526521095A530099CC6D /* Release */ = {
			isa = XCBuildConfiguration;
			buildSettings = {
				ALWAYS_SEARCH_USER_PATHS = NO;
				CLANG_ANALYZER_NONNULL = YES;
				CLANG_ANALYZER_NUMBER_OBJECT_CONVERSION = YES_AGGRESSIVE;
				CLANG_CXX_LANGUAGE_STANDARD = "gnu++14";
				CLANG_CXX_LIBRARY = "libc++";
				CLANG_ENABLE_MODULES = YES;
				CLANG_ENABLE_OBJC_ARC = YES;
				CLANG_ENABLE_OBJC_WEAK = YES;
				CLANG_WARN_BLOCK_CAPTURE_AUTORELEASING = YES;
				CLANG_WARN_BOOL_CONVERSION = YES;
				CLANG_WARN_COMMA = YES;
				CLANG_WARN_CONSTANT_CONVERSION = YES;
				CLANG_WARN_DEPRECATED_OBJC_IMPLEMENTATIONS = YES;
				CLANG_WARN_DIRECT_OBJC_ISA_USAGE = YES_ERROR;
				CLANG_WARN_DOCUMENTATION_COMMENTS = YES;
				CLANG_WARN_EMPTY_BODY = YES;
				CLANG_WARN_ENUM_CONVERSION = YES;
				CLANG_WARN_INFINITE_RECURSION = YES;
				CLANG_WARN_INT_CONVERSION = YES;
				CLANG_WARN_NON_LITERAL_NULL_CONVERSION = YES;
				CLANG_WARN_OBJC_IMPLICIT_RETAIN_SELF = YES;
				CLANG_WARN_OBJC_LITERAL_CONVERSION = YES;
				CLANG_WARN_OBJC_ROOT_CLASS = YES_ERROR;
				CLANG_WARN_RANGE_LOOP_ANALYSIS = YES;
				CLANG_WARN_STRICT_PROTOTYPES = YES;
				CLANG_WARN_SUSPICIOUS_MOVE = YES;
				CLANG_WARN_UNGUARDED_AVAILABILITY = YES_AGGRESSIVE;
				CLANG_WARN_UNREACHABLE_CODE = YES;
				CLANG_WARN__DUPLICATE_METHOD_MATCH = YES;
				CODE_SIGN_IDENTITY = "iPhone Developer";
				COPY_PHASE_STRIP = NO;
				DEBUG_INFORMATION_FORMAT = "dwarf-with-dsym";
				ENABLE_NS_ASSERTIONS = NO;
				ENABLE_STRICT_OBJC_MSGSEND = YES;
				GCC_C_LANGUAGE_STANDARD = gnu11;
				GCC_NO_COMMON_BLOCKS = YES;
				GCC_WARN_64_TO_32_BIT_CONVERSION = YES;
				GCC_WARN_ABOUT_RETURN_TYPE = YES_ERROR;
				GCC_WARN_UNDECLARED_SELECTOR = YES;
				GCC_WARN_UNINITIALIZED_AUTOS = YES_AGGRESSIVE;
				GCC_WARN_UNUSED_FUNCTION = YES;
				GCC_WARN_UNUSED_VARIABLE = YES;
				IPHONEOS_DEPLOYMENT_TARGET = 12.0;
				MTL_ENABLE_DEBUG_INFO = NO;
				MTL_FAST_MATH = YES;
				SDKROOT = iphoneos;
				SWIFT_COMPILATION_MODE = wholemodule;
				SWIFT_OPTIMIZATION_LEVEL = "-O";
				VALIDATE_PRODUCT = YES;
			};
			name = Release;
		};
		82D1526721095A530099CC6D /* Debug */ = {
			isa = XCBuildConfiguration;
			buildSettings = {
				ASSETCATALOG_COMPILER_APPICON_NAME = AppIcon;
				CODE_SIGN_STYLE = Automatic;
				DEVELOPMENT_TEAM = WX5RLE299P;
				INFOPLIST_FILE = Minesweeper/Info.plist;
				LD_RUNPATH_SEARCH_PATHS = (
					"$(inherited)",
					"@executable_path/Frameworks",
				);
				PRODUCT_BUNDLE_IDENTIFIER = jp.co.Minesweeper;
				PRODUCT_NAME = "$(TARGET_NAME)";
				SWIFT_VERSION = 4.2;
				TARGETED_DEVICE_FAMILY = "1,2";
			};
			name = Debug;
		};
		82D1526821095A530099CC6D /* Release */ = {
			isa = XCBuildConfiguration;
			buildSettings = {
				ASSETCATALOG_COMPILER_APPICON_NAME = AppIcon;
				CODE_SIGN_STYLE = Automatic;
				DEVELOPMENT_TEAM = WX5RLE299P;
				INFOPLIST_FILE = Minesweeper/Info.plist;
				LD_RUNPATH_SEARCH_PATHS = (
					"$(inherited)",
					"@executable_path/Frameworks",
				);
				PRODUCT_BUNDLE_IDENTIFIER = jp.co.Minesweeper;
				PRODUCT_NAME = "$(TARGET_NAME)";
				SWIFT_VERSION = 4.2;
				TARGETED_DEVICE_FAMILY = "1,2";
			};
			name = Release;
		};
		82D1526A21095A530099CC6D /* Debug */ = {
			isa = XCBuildConfiguration;
			buildSettings = {
				ALWAYS_EMBED_SWIFT_STANDARD_LIBRARIES = YES;
				BUNDLE_LOADER = "$(TEST_HOST)";
				CODE_SIGN_STYLE = Automatic;
				DEVELOPMENT_TEAM = WX5RLE299P;
				INFOPLIST_FILE = MinesweeperTests/Info.plist;
				LD_RUNPATH_SEARCH_PATHS = (
					"$(inherited)",
					"@executable_path/Frameworks",
					"@loader_path/Frameworks",
				);
				PRODUCT_BUNDLE_IDENTIFIER = jp.co..MinesweeperTests;
				PRODUCT_NAME = "$(TARGET_NAME)";
				SWIFT_VERSION = 4.2;
				TARGETED_DEVICE_FAMILY = "1,2";
				TEST_HOST = "$(BUILT_PRODUCTS_DIR)/Minesweeper.app/Minesweeper";
			};
			name = Debug;
		};
		82D1526B21095A530099CC6D /* Release */ = {
			isa = XCBuildConfiguration;
			buildSettings = {
				ALWAYS_EMBED_SWIFT_STANDARD_LIBRARIES = YES;
				BUNDLE_LOADER = "$(TEST_HOST)";
				CODE_SIGN_STYLE = Automatic;
				DEVELOPMENT_TEAM = WX5RLE299P;
				INFOPLIST_FILE = MinesweeperTests/Info.plist;
				LD_RUNPATH_SEARCH_PATHS = (
					"$(inherited)",
					"@executable_path/Frameworks",
					"@loader_path/Frameworks",
				);
				PRODUCT_BUNDLE_IDENTIFIER = jp.co..MinesweeperTests;
				PRODUCT_NAME = "$(TARGET_NAME)";
				SWIFT_VERSION = 4.2;
				TARGETED_DEVICE_FAMILY = "1,2";
				TEST_HOST = "$(BUILT_PRODUCTS_DIR)/Minesweeper.app/Minesweeper";
			};
			name = Release;
		};
		82D1526D21095A530099CC6D /* Debug */ = {
			isa = XCBuildConfiguration;
			buildSettings = {
				ALWAYS_EMBED_SWIFT_STANDARD_LIBRARIES = YES;
				CODE_SIGN_STYLE = Automatic;
				DEVELOPMENT_TEAM = WX5RLE299P;
				INFOPLIST_FILE = MinesweeperUITests/Info.plist;
				LD_RUNPATH_SEARCH_PATHS = (
					"$(inherited)",
					"@executable_path/Frameworks",
					"@loader_path/Frameworks",
				);
				PRODUCT_BUNDLE_IDENTIFIER = jp.co..MinesweeperUITests;
				PRODUCT_NAME = "$(TARGET_NAME)";
				SWIFT_VERSION = 4.2;
				TARGETED_DEVICE_FAMILY = "1,2";
				TEST_TARGET_NAME = Minesweeper;
			};
			name = Debug;
		};
		82D1526E21095A530099CC6D /* Release */ = {
			isa = XCBuildConfiguration;
			buildSettings = {
				ALWAYS_EMBED_SWIFT_STANDARD_LIBRARIES = YES;
				CODE_SIGN_STYLE = Automatic;
				DEVELOPMENT_TEAM = WX5RLE299P;
				INFOPLIST_FILE = MinesweeperUITests/Info.plist;
				LD_RUNPATH_SEARCH_PATHS = (
					"$(inherited)",
					"@executable_path/Frameworks",
					"@loader_path/Frameworks",
				);
				PRODUCT_BUNDLE_IDENTIFIER = jp.co..MinesweeperUITests;
				PRODUCT_NAME = "$(TARGET_NAME)";
				SWIFT_VERSION = 4.2;
				TARGETED_DEVICE_FAMILY = "1,2";
				TEST_TARGET_NAME = Minesweeper;
			};
			name = Release;
		};
/* End XCBuildConfiguration section */

/* Begin XCConfigurationList section */
		82D1523921095A510099CC6D /* Build configuration list for PBXProject "Minesweeper" */ = {
			isa = XCConfigurationList;
			buildConfigurations = (
				82D1526421095A530099CC6D /* Debug */,
				82D1526521095A530099CC6D /* Release */,
			);
			defaultConfigurationIsVisible = 0;
			defaultConfigurationName = Release;
		};
		82D1526621095A530099CC6D /* Build configuration list for PBXNativeTarget "Minesweeper" */ = {
			isa = XCConfigurationList;
			buildConfigurations = (
				82D1526721095A530099CC6D /* Debug */,
				82D1526821095A530099CC6D /* Release */,
			);
			defaultConfigurationIsVisible = 0;
			defaultConfigurationName = Release;
		};
		82D1526921095A530099CC6D /* Build configuration list for PBXNativeTarget "MinesweeperTests" */ = {
			isa = XCConfigurationList;
			buildConfigurations = (
				82D1526A21095A530099CC6D /* Debug */,
				82D1526B21095A530099CC6D /* Release */,
			);
			defaultConfigurationIsVisible = 0;
			defaultConfigurationName = Release;
		};
		82D1526C21095A530099CC6D /* Build configuration list for PBXNativeTarget "MinesweeperUITests" */ = {
			isa = XCConfigurationList;
			buildConfigurations = (
				82D1526D21095A530099CC6D /* Debug */,
				82D1526E21095A530099CC6D /* Release */,
			);
			defaultConfigurationIsVisible = 0;
			defaultConfigurationName = Release;
		};
/* End XCConfigurationList section */
	};
	rootObject = 82D1523621095A510099CC6D /* Project object */;
}
